
Microsoft Visual Studio Solution File, Format Version 12.00
# Visual Studio Version 16
VisualStudioVersion = 25.0.1705.2
MinimumVisualStudioVersion = 10.0.40219.1
Project("{FAE04EC0-301F-11D3-BF4B-00C04F79EFBC}") = "OpenCVBinding", "OpenCVBinding.csproj", "{D96713B4-5249-462D-BCB8-B11806D44627}"
EndProject
Global
	GlobalSection(SolutionConfigurationPlatforms) = preSolution
		Debug|Any CPU = Debug|Any CPU
		Release|Any CPU = Release|Any CPU
	EndGlobalSection
	GlobalSection(ProjectConfigurationPlatforms) = postSolution
		{D96713B4-5249-462D-BCB8-B11806D44627}.Debug|Any CPU.ActiveCfg = Debug|Any CPU
		{D96713B4-5249-462D-BCB8-B11806D44627}.Debug|Any CPU.Build.0 = Debug|Any CPU
		{D96713B4-5249-462D-BCB8-B11806D44627}.Release|Any CPU.ActiveCfg = Release|Any CPU
		{D96713B4-5249-462D-BCB8-B11806D44627}.Release|Any CPU.Build.0 = Release|Any CPU
	EndGlobalSection
	GlobalSection(SolutionProperties) = preSolution
		HideSolutionNode = FALSE
	EndGlobalSection
	GlobalSection(ExtensibilityGlobals) = postSolution
		SolutionGuid = {362D3FF6-E7CA-4D27-A227-1DE24A985B46}
	EndGlobalSection
EndGlobal
